
Microsoft Visual Studio Solution File, Format Version 12.00
# Visual Studio 15
VisualStudioVersion = 15.0.28307.902
MinimumVisualStudioVersion = 10.0.40219.1
Project("{FAE04EC0-301F-11D3-BF4B-00C04F79EFBC}") = "DevIO.App", "DevIO.App\DevIO.App.csproj", "{020C2C27-519C-4B17-B7D4-237CA6D943C2}"
EndProject
Project("{FAE04EC0-301F-11D3-BF4B-00C04F79EFBC}") = "DevIO.Business", "DevIO.Business\DevIO.Business.csproj", "{9AF07CCF-78DA-401D-AAA6-F505B97BD1E0}"
EndProject
Project("{FAE04EC0-301F-11D3-BF4B-00C04F79EFBC}") = "DevIO.Data", "DevIO.Data\DevIO.Data.csproj", "{4B112601-6F82-4E4D-AB96-E43BC050EFDA}"
EndProject
Global
	GlobalSection(SolutionConfigurationPlatforms) = preSolution
		Debug|Any CPU = Debug|Any CPU
		Release|Any CPU = Release|Any CPU
	EndGlobalSection
	GlobalSection(ProjectConfigurationPlatforms) = postSolution
		{020C2C27-519C-4B17-B7D4-237CA6D943C2}.Debug|Any CPU.ActiveCfg = Debug|Any CPU
		{020C2C27-519C-4B17-B7D4-237CA6D943C2}.Debug|Any CPU.Build.0 = Debug|Any CPU
		{020C2C27-519C-4B17-B7D4-237CA6D943C2}.Release|Any CPU.ActiveCfg = Release|Any CPU
		{020C2C27-519C-4B17-B7D4-237CA6D943C2}.Release|Any CPU.Build.0 = Release|Any CPU
		{9AF07CCF-78DA-401D-AAA6-F505B97BD1E0}.Debug|Any CPU.ActiveCfg = Debug|Any CPU
		{9AF07CCF-78DA-401D-AAA6-F505B97BD1E0}.Debug|Any CPU.Build.0 = Debug|Any CPU
		{9AF07CCF-78DA-401D-AAA6-F505B97BD1E0}.Release|Any CPU.ActiveCfg = Release|Any CPU
		{9AF07CCF-78DA-401D-AAA6-F505B97BD1E0}.Release|Any CPU.Build.0 = Release|Any CPU
		{4B112601-6F82-4E4D-AB96-E43BC050EFDA}.Debug|Any CPU.ActiveCfg = Debug|Any CPU
		{4B112601-6F82-4E4D-AB96-E43BC050EFDA}.Debug|Any CPU.Build.0 = Debug|Any CPU
		{4B112601-6F82-4E4D-AB96-E43BC050EFDA}.Release|Any CPU.ActiveCfg = Release|Any CPU
		{4B112601-6F82-4E4D-AB96-E43BC050EFDA}.Release|Any CPU.Build.0 = Release|Any CPU
	EndGlobalSection
	GlobalSection(SolutionProperties) = preSolution
		HideSolutionNode = FALSE
	EndGlobalSection
	GlobalSection(ExtensibilityGlobals) = postSolution
		SolutionGuid = {45D96E97-F0D2-4A78-9FC5-87108DA357F9}
	EndGlobalSection
EndGlobal
